
Microsoft Visual Studio Solution File, Format Version 12.00
# Visual Studio Version 17
VisualStudioVersion = 17.0.31903.59
MinimumVisualStudioVersion = 10.0.40219.1
Project("{FAE04EC0-301F-11D3-BF4B-00C04F79EFBC}") = "MessageService.Api", "MessageService.Api\MessageService.Api.csproj", "{8D59ED6E-E844-4025-9B7B-7CA44F105334}"
EndProject
Project("{FAE04EC0-301F-11D3-BF4B-00C04F79EFBC}") = "MessageService.Dal", "MessageService.Dal\MessageService.Dal.csproj", "{6E1FDC89-F745-40BB-A4CC-9C35CFF7CFE8}"
EndProject
Project("{FAE04EC0-301F-11D3-BF4B-00C04F79EFBC}") = "MessageService.Web", "MessageService.Web\MessageService.Web.csproj", "{D750DCAC-EC43-492C-8AA6-EB5DF358E766}"
EndProject
Global
	GlobalSection(SolutionConfigurationPlatforms) = preSolution
		Debug|Any CPU = Debug|Any CPU
		Debug|x64 = Debug|x64
		Debug|x86 = Debug|x86
		Release|Any CPU = Release|Any CPU
		Release|x64 = Release|x64
		Release|x86 = Release|x86
	EndGlobalSection
	GlobalSection(ProjectConfigurationPlatforms) = postSolution
		{8D59ED6E-E844-4025-9B7B-7CA44F105334}.Debug|Any CPU.ActiveCfg = Debug|Any CPU
		{8D59ED6E-E844-4025-9B7B-7CA44F105334}.Debug|Any CPU.Build.0 = Debug|Any CPU
		{8D59ED6E-E844-4025-9B7B-7CA44F105334}.Debug|x64.ActiveCfg = Debug|Any CPU
		{8D59ED6E-E844-4025-9B7B-7CA44F105334}.Debug|x64.Build.0 = Debug|Any CPU
		{8D59ED6E-E844-4025-9B7B-7CA44F105334}.Debug|x86.ActiveCfg = Debug|Any CPU
		{8D59ED6E-E844-4025-9B7B-7CA44F105334}.Debug|x86.Build.0 = Debug|Any CPU
		{8D59ED6E-E844-4025-9B7B-7CA44F105334}.Release|Any CPU.ActiveCfg = Release|Any CPU
		{8D59ED6E-E844-4025-9B7B-7CA44F105334}.Release|Any CPU.Build.0 = Release|Any CPU
		{8D59ED6E-E844-4025-9B7B-7CA44F105334}.Release|x64.ActiveCfg = Release|Any CPU
		{8D59ED6E-E844-4025-9B7B-7CA44F105334}.Release|x64.Build.0 = Release|Any CPU
		{8D59ED6E-E844-4025-9B7B-7CA44F105334}.Release|x86.ActiveCfg = Release|Any CPU
		{8D59ED6E-E844-4025-9B7B-7CA44F105334}.Release|x86.Build.0 = Release|Any CPU
		{6E1FDC89-F745-40BB-A4CC-9C35CFF7CFE8}.Debug|Any CPU.ActiveCfg = Debug|Any CPU
		{6E1FDC89-F745-40BB-A4CC-9C35CFF7CFE8}.Debug|Any CPU.Build.0 = Debug|Any CPU
		{6E1FDC89-F745-40BB-A4CC-9C35CFF7CFE8}.Debug|x64.ActiveCfg = Debug|Any CPU
		{6E1FDC89-F745-40BB-A4CC-9C35CFF7CFE8}.Debug|x64.Build.0 = Debug|Any CPU
		{6E1FDC89-F745-40BB-A4CC-9C35CFF7CFE8}.Debug|x86.ActiveCfg = Debug|Any CPU
		{6E1FDC89-F745-40BB-A4CC-9C35CFF7CFE8}.Debug|x86.Build.0 = Debug|Any CPU
		{6E1FDC89-F745-40BB-A4CC-9C35CFF7CFE8}.Release|Any CPU.ActiveCfg = Release|Any CPU
		{6E1FDC89-F745-40BB-A4CC-9C35CFF7CFE8}.Release|Any CPU.Build.0 = Release|Any CPU
		{6E1FDC89-F745-40BB-A4CC-9C35CFF7CFE8}.Release|x64.ActiveCfg = Release|Any CPU
		{6E1FDC89-F745-40BB-A4CC-9C35CFF7CFE8}.Release|x64.Build.0 = Release|Any CPU
		{6E1FDC89-F745-40BB-A4CC-9C35CFF7CFE8}.Release|x86.ActiveCfg = Release|Any CPU
		{6E1FDC89-F745-40BB-A4CC-9C35CFF7CFE8}.Release|x86.Build.0 = Release|Any CPU
		{D750DCAC-EC43-492C-8AA6-EB5DF358E766}.Debug|Any CPU.ActiveCfg = Debug|Any CPU
		{D750DCAC-EC43-492C-8AA6-EB5DF358E766}.Debug|Any CPU.Build.0 = Debug|Any CPU
		{D750DCAC-EC43-492C-8AA6-EB5DF358E766}.Debug|x64.ActiveCfg = Debug|Any CPU
		{D750DCAC-EC43-492C-8AA6-EB5DF358E766}.Debug|x64.Build.0 = Debug|Any CPU
		{D750DCAC-EC43-492C-8AA6-EB5DF358E766}.Debug|x86.ActiveCfg = Debug|Any CPU
		{D750DCAC-EC43-492C-8AA6-EB5DF358E766}.Debug|x86.Build.0 = Debug|Any CPU
		{D750DCAC-EC43-492C-8AA6-EB5DF358E766}.Release|Any CPU.ActiveCfg = Release|Any CPU
		{D750DCAC-EC43-492C-8AA6-EB5DF358E766}.Release|Any CPU.Build.0 = Release|Any CPU
		{D750DCAC-EC43-492C-8AA6-EB5DF358E766}.Release|x64.ActiveCfg = Release|Any CPU
		{D750DCAC-EC43-492C-8AA6-EB5DF358E766}.Release|x64.Build.0 = Release|Any CPU
		{D750DCAC-EC43-492C-8AA6-EB5DF358E766}.Release|x86.ActiveCfg = Release|Any CPU
		{D750DCAC-EC43-492C-8AA6-EB5DF358E766}.Release|x86.Build.0 = Release|Any CPU
	EndGlobalSection
	GlobalSection(SolutionProperties) = preSolution
		HideSolutionNode = FALSE
	EndGlobalSection
EndGlobal
